
Microsoft Visual Studio Solution File, Format Version 12.00
# Visual Studio 15
VisualStudioVersion = 15.0.27130.2036
MinimumVisualStudioVersion = 10.0.40219.1
Project("{FAE04EC0-301F-11D3-BF4B-00C04F79EFBC}") = "Homework2", "Homework2\Homework2.csproj", "{44B6E197-E284-4D5E-B0C5-343773DF8A11}"
EndProject
Global
	GlobalSection(SolutionConfigurationPlatforms) = preSolution
		Debug|Any CPU = Debug|Any CPU
		Release|Any CPU = Release|Any CPU
	EndGlobalSection
	GlobalSection(ProjectConfigurationPlatforms) = postSolution
		{44B6E197-E284-4D5E-B0C5-343773DF8A11}.Debug|Any CPU.ActiveCfg = Debug|Any CPU
		{44B6E197-E284-4D5E-B0C5-343773DF8A11}.Debug|Any CPU.Build.0 = Debug|Any CPU
		{44B6E197-E284-4D5E-B0C5-343773DF8A11}.Release|Any CPU.ActiveCfg = Release|Any CPU
		{44B6E197-E284-4D5E-B0C5-343773DF8A11}.Release|Any CPU.Build.0 = Release|Any CPU
	EndGlobalSection
	GlobalSection(SolutionProperties) = preSolution
		HideSolutionNode = FALSE
	EndGlobalSection
	GlobalSection(ExtensibilityGlobals) = postSolution
		SolutionGuid = {4F5B7E57-FFA0-4722-A1F4-857CFDFC86E9}
	EndGlobalSection
EndGlobal
